// !$*UTF8*$!
{
	archiveVersion = 1;
	classes = {
	};
	objectVersion = 46;
	objects = {

/* Begin PBXBuildFile section */
		D40F9C6F1B7DBB0500BE5C82 /* Starscream.framework in Frameworks */ = {isa = PBXBuildFile; fileRef = D40F9C681B7DBAE700BE5C82 /* Starscream.framework */; };
		D47C8FD11B9903C400212774 /* ChannelTableViewCell.swift in Sources */ = {isa = PBXBuildFile; fileRef = D47C8FD01B9903C400212774 /* ChannelTableViewCell.swift */; };
		D47C8FD71B99115700212774 /* ChannelTableViewController.swift in Sources */ = {isa = PBXBuildFile; fileRef = D47C8FD61B99115700212774 /* ChannelTableViewController.swift */; };
		D47C8FD91B99139F00212774 /* ChannelState.swift in Sources */ = {isa = PBXBuildFile; fileRef = D47C8FD81B99139F00212774 /* ChannelState.swift */; };
		D47C8FDA1B99139F00212774 /* ChannelState.swift in Sources */ = {isa = PBXBuildFile; fileRef = D47C8FD81B99139F00212774 /* ChannelState.swift */; };
		D47C8FDC1B992AEF00212774 /* Syncopate.swift in Sources */ = {isa = PBXBuildFile; fileRef = D47C8FDB1B992AEF00212774 /* Syncopate.swift */; };
		D47C8FDD1B992AEF00212774 /* Syncopate.swift in Sources */ = {isa = PBXBuildFile; fileRef = D47C8FDB1B992AEF00212774 /* Syncopate.swift */; };
		D47C8FE21B9A253800212774 /* WebSocketClient.swift in Sources */ = {isa = PBXBuildFile; fileRef = D47C8FE11B9A253800212774 /* WebSocketClient.swift */; };
		D47C8FE31B9A253800212774 /* WebSocketClient.swift in Sources */ = {isa = PBXBuildFile; fileRef = D47C8FE11B9A253800212774 /* WebSocketClient.swift */; };
		D47C8FE51B9A2AFA00212774 /* ClusterState.swift in Sources */ = {isa = PBXBuildFile; fileRef = D47C8FE41B9A2AFA00212774 /* ClusterState.swift */; };
		D47C8FE61B9A2AFA00212774 /* ClusterState.swift in Sources */ = {isa = PBXBuildFile; fileRef = D47C8FE41B9A2AFA00212774 /* ClusterState.swift */; };
		D47C8FE81B9A2DE600212774 /* AppManager.swift in Sources */ = {isa = PBXBuildFile; fileRef = D47C8FE71B9A2DE600212774 /* AppManager.swift */; };
		D47C8FE91B9A2DE600212774 /* AppManager.swift in Sources */ = {isa = PBXBuildFile; fileRef = D47C8FE71B9A2DE600212774 /* AppManager.swift */; };
		D47C8FEF1B9A3DB000212774 /* ClusterTableViewController.swift in Sources */ = {isa = PBXBuildFile; fileRef = D47C8FEE1B9A3DB000212774 /* ClusterTableViewController.swift */; };
		D47C90031B9B51EF00212774 /* SWRevealViewController.m in Sources */ = {isa = PBXBuildFile; fileRef = D47C90021B9B51EF00212774 /* SWRevealViewController.m */; };
		D47C90051B9B8F6300212774 /* ClusterTableViewCell.swift in Sources */ = {isa = PBXBuildFile; fileRef = D47C90041B9B8F6300212774 /* ClusterTableViewCell.swift */; };
		D47C90071B9CA9A300212774 /* PersistencyManager.swift in Sources */ = {isa = PBXBuildFile; fileRef = D47C90061B9CA9A300212774 /* PersistencyManager.swift */; };
		D47C90081B9CAEA200212774 /* PersistencyManager.swift in Sources */ = {isa = PBXBuildFile; fileRef = D47C90061B9CA9A300212774 /* PersistencyManager.swift */; };
		D47C900A1B9CC6F500212774 /* TopicViewController.swift in Sources */ = {isa = PBXBuildFile; fileRef = D47C90091B9CC6F500212774 /* TopicViewController.swift */; };
		D47C900C1BA3A0A000212774 /* LoginViewController.swift in Sources */ = {isa = PBXBuildFile; fileRef = D47C900B1BA3A0A000212774 /* LoginViewController.swift */; };
		D47C90141BA620EF00212774 /* HttpClient.swift in Sources */ = {isa = PBXBuildFile; fileRef = D47C90131BA620EF00212774 /* HttpClient.swift */; };
		D47C90151BA6271E00212774 /* HttpClient.swift in Sources */ = {isa = PBXBuildFile; fileRef = D47C90131BA620EF00212774 /* HttpClient.swift */; };
		D47C90171BAB2B3D00212774 /* HeaderTableViewCell.swift in Sources */ = {isa = PBXBuildFile; fileRef = D47C90161BAB2B3D00212774 /* HeaderTableViewCell.swift */; };
		D49A2B0A1B71991300127617 /* AppDelegate.swift in Sources */ = {isa = PBXBuildFile; fileRef = D49A2B091B71991300127617 /* AppDelegate.swift */; };
		D49A2B0C1B71991300127617 /* ViewController.swift in Sources */ = {isa = PBXBuildFile; fileRef = D49A2B0B1B71991300127617 /* ViewController.swift */; };
		D49A2B0F1B71991300127617 /* Main.storyboard in Resources */ = {isa = PBXBuildFile; fileRef = D49A2B0D1B71991300127617 /* Main.storyboard */; };
		D49A2B111B71991300127617 /* Images.xcassets in Resources */ = {isa = PBXBuildFile; fileRef = D49A2B101B71991300127617 /* Images.xcassets */; };
		D49A2B141B71991300127617 /* LaunchScreen.xib in Resources */ = {isa = PBXBuildFile; fileRef = D49A2B121B71991300127617 /* LaunchScreen.xib */; };
		D49A2B201B71991300127617 /* SyncopateTests.swift in Sources */ = {isa = PBXBuildFile; fileRef = D49A2B1F1B71991300127617 /* SyncopateTests.swift */; };
/* End PBXBuildFile section */

/* Begin PBXContainerItemProxy section */
		D40F9C671B7DBAE700BE5C82 /* PBXContainerItemProxy */ = {
			isa = PBXContainerItemProxy;
			containerPortal = D40F9C601B7DBAE700BE5C82 /* Starscream.xcodeproj */;
			proxyType = 2;
			remoteGlobalIDString = 6B3E79E619D48B7F006071F7;
			remoteInfo = Starscream;
		};
		D40F9C691B7DBAE700BE5C82 /* PBXContainerItemProxy */ = {
			isa = PBXContainerItemProxy;
			containerPortal = D40F9C601B7DBAE700BE5C82 /* Starscream.xcodeproj */;
			proxyType = 2;
			remoteGlobalIDString = 6B3E79F119D48B7F006071F7;
			remoteInfo = StarscreamTests;
		};
		D40F9C6B1B7DBAE700BE5C82 /* PBXContainerItemProxy */ = {
			isa = PBXContainerItemProxy;
			containerPortal = D40F9C601B7DBAE700BE5C82 /* Starscream.xcodeproj */;
			proxyType = 2;
			remoteGlobalIDString = D9C3E35F19E48FF1009FC285;
			remoteInfo = StarscreamOSX;
		};
		D40F9C6D1B7DBAE700BE5C82 /* PBXContainerItemProxy */ = {
			isa = PBXContainerItemProxy;
			containerPortal = D40F9C601B7DBAE700BE5C82 /* Starscream.xcodeproj */;
			proxyType = 2;
			remoteGlobalIDString = D9C3E36919E48FF1009FC285;
			remoteInfo = StarscreamOSXTests;
		};
		D49A2B1A1B71991300127617 /* PBXContainerItemProxy */ = {
			isa = PBXContainerItemProxy;
			containerPortal = D49A2AFC1B71991300127617 /* Project object */;
			proxyType = 1;
			remoteGlobalIDString = D49A2B031B71991300127617;
			remoteInfo = Syncopate;
		};
/* End PBXContainerItemProxy section */

/* Begin PBXFileReference section */
		D40F9C601B7DBAE700BE5C82 /* Starscream.xcodeproj */ = {isa = PBXFileReference; lastKnownFileType = "wrapper.pb-project"; name = Starscream.xcodeproj; path = ../../Github/Starscream/Starscream.xcodeproj; sourceTree = "<group>"; };
		D47C8FD01B9903C400212774 /* ChannelTableViewCell.swift */ = {isa = PBXFileReference; fileEncoding = 4; lastKnownFileType = sourcecode.swift; path = ChannelTableViewCell.swift; sourceTree = "<group>"; };
		D47C8FD61B99115700212774 /* ChannelTableViewController.swift */ = {isa = PBXFileReference; fileEncoding = 4; lastKnownFileType = sourcecode.swift; path = ChannelTableViewController.swift; sourceTree = "<group>"; };
		D47C8FD81B99139F00212774 /* ChannelState.swift */ = {isa = PBXFileReference; fileEncoding = 4; lastKnownFileType = sourcecode.swift; path = ChannelState.swift; sourceTree = "<group>"; };
		D47C8FDB1B992AEF00212774 /* Syncopate.swift */ = {isa = PBXFileReference; fileEncoding = 4; lastKnownFileType = sourcecode.swift; path = Syncopate.swift; sourceTree = "<group>"; };
		D47C8FE11B9A253800212774 /* WebSocketClient.swift */ = {isa = PBXFileReference; fileEncoding = 4; lastKnownFileType = sourcecode.swift; path = WebSocketClient.swift; sourceTree = "<group>"; };
		D47C8FE41B9A2AFA00212774 /* ClusterState.swift */ = {isa = PBXFileReference; fileEncoding = 4; lastKnownFileType = sourcecode.swift; path = ClusterState.swift; sourceTree = "<group>"; };
		D47C8FE71B9A2DE600212774 /* AppManager.swift */ = {isa = PBXFileReference; fileEncoding = 4; lastKnownFileType = sourcecode.swift; path = AppManager.swift; sourceTree = "<group>"; };
		D47C8FEE1B9A3DB000212774 /* ClusterTableViewController.swift */ = {isa = PBXFileReference; fileEncoding = 4; lastKnownFileType = sourcecode.swift; path = ClusterTableViewController.swift; sourceTree = "<group>"; };
		D47C90001B9B51EE00212774 /* Syncopate-Bridging-Header.h */ = {isa = PBXFileReference; lastKnownFileType = sourcecode.c.h; path = "Syncopate-Bridging-Header.h"; sourceTree = "<group>"; };
		D47C90011B9B51EF00212774 /* SWRevealViewController.h */ = {isa = PBXFileReference; fileEncoding = 4; lastKnownFileType = sourcecode.c.h; path = SWRevealViewController.h; sourceTree = "<group>"; };
		D47C90021B9B51EF00212774 /* SWRevealViewController.m */ = {isa = PBXFileReference; fileEncoding = 4; lastKnownFileType = sourcecode.c.objc; path = SWRevealViewController.m; sourceTree = "<group>"; };
		D47C90041B9B8F6300212774 /* ClusterTableViewCell.swift */ = {isa = PBXFileReference; fileEncoding = 4; lastKnownFileType = sourcecode.swift; path = ClusterTableViewCell.swift; sourceTree = "<group>"; };
		D47C90061B9CA9A300212774 /* PersistencyManager.swift */ = {isa = PBXFileReference; fileEncoding = 4; lastKnownFileType = sourcecode.swift; path = PersistencyManager.swift; sourceTree = "<group>"; };
		D47C90091B9CC6F500212774 /* TopicViewController.swift */ = {isa = PBXFileReference; fileEncoding = 4; lastKnownFileType = sourcecode.swift; path = TopicViewController.swift; sourceTree = "<group>"; };
		D47C900B1BA3A0A000212774 /* LoginViewController.swift */ = {isa = PBXFileReference; fileEncoding = 4; lastKnownFileType = sourcecode.swift; path = LoginViewController.swift; sourceTree = "<group>"; };
		D47C90131BA620EF00212774 /* HttpClient.swift */ = {isa = PBXFileReference; fileEncoding = 4; lastKnownFileType = sourcecode.swift; path = HttpClient.swift; sourceTree = "<group>"; };
		D47C90161BAB2B3D00212774 /* HeaderTableViewCell.swift */ = {isa = PBXFileReference; fileEncoding = 4; lastKnownFileType = sourcecode.swift; path = HeaderTableViewCell.swift; sourceTree = "<group>"; };
		D49A2B041B71991300127617 /* Syncopate.app */ = {isa = PBXFileReference; explicitFileType = wrapper.application; includeInIndex = 0; path = Syncopate.app; sourceTree = BUILT_PRODUCTS_DIR; };
		D49A2B081B71991300127617 /* Info.plist */ = {isa = PBXFileReference; lastKnownFileType = text.plist.xml; path = Info.plist; sourceTree = "<group>"; };
		D49A2B091B71991300127617 /* AppDelegate.swift */ = {isa = PBXFileReference; lastKnownFileType = sourcecode.swift; path = AppDelegate.swift; sourceTree = "<group>"; };
		D49A2B0B1B71991300127617 /* ViewController.swift */ = {isa = PBXFileReference; lastKnownFileType = sourcecode.swift; path = ViewController.swift; sourceTree = "<group>"; };
		D49A2B0E1B71991300127617 /* Base */ = {isa = PBXFileReference; lastKnownFileType = file.storyboard; name = Base; path = Base.lproj/Main.storyboard; sourceTree = "<group>"; };
		D49A2B101B71991300127617 /* Images.xcassets */ = {isa = PBXFileReference; lastKnownFileType = folder.assetcatalog; path = Images.xcassets; sourceTree = "<group>"; };
		D49A2B131B71991300127617 /* Base */ = {isa = PBXFileReference; lastKnownFileType = file.xib; name = Base; path = Base.lproj/LaunchScreen.xib; sourceTree = "<group>"; };
		D49A2B191B71991300127617 /* SyncopateTests.xctest */ = {isa = PBXFileReference; explicitFileType = wrapper.cfbundle; includeInIndex = 0; path = SyncopateTests.xctest; sourceTree = BUILT_PRODUCTS_DIR; };
		D49A2B1E1B71991300127617 /* Info.plist */ = {isa = PBXFileReference; lastKnownFileType = text.plist.xml; path = Info.plist; sourceTree = "<group>"; };
		D49A2B1F1B71991300127617 /* SyncopateTests.swift */ = {isa = PBXFileReference; lastKnownFileType = sourcecode.swift; path = SyncopateTests.swift; sourceTree = "<group>"; };
/* End PBXFileReference section */

/* Begin PBXFrameworksBuildPhase section */
		D49A2B161B71991300127617 /* Frameworks */ = {
			isa = PBXFrameworksBuildPhase;
			buildActionMask = 2147483647;
			files = (
			);
			runOnlyForDeploymentPostprocessing = 0;
		};
		D49A2B321B7DB86700127617 /* Frameworks */ = {
			isa = PBXFrameworksBuildPhase;
			buildActionMask = 2147483647;
			files = (
				D40F9C6F1B7DBB0500BE5C82 /* Starscream.framework in Frameworks */,
			);
			runOnlyForDeploymentPostprocessing = 0;
		};
/* End PBXFrameworksBuildPhase section */

/* Begin PBXGroup section */
		D40F9C611B7DBAE700BE5C82 /* Products */ = {
			isa = PBXGroup;
			children = (
				D40F9C681B7DBAE700BE5C82 /* Starscream.framework */,
				D40F9C6A1B7DBAE700BE5C82 /* StarscreamTests.xctest */,
				D40F9C6C1B7DBAE700BE5C82 /* Starscream.framework */,
				D40F9C6E1B7DBAE700BE5C82 /* StarscreamOSXTests.xctest */,
			);
			name = Products;
			sourceTree = "<group>";
		};
		D47C8FFB1B9B518C00212774 /* SWRevealViewController */ = {
			isa = PBXGroup;
			children = (
				D47C90011B9B51EF00212774 /* SWRevealViewController.h */,
				D47C90021B9B51EF00212774 /* SWRevealViewController.m */,
				D47C90001B9B51EE00212774 /* Syncopate-Bridging-Header.h */,
			);
			name = SWRevealViewController;
			sourceTree = "<group>";
		};
		D49A2AFB1B71991300127617 = {
			isa = PBXGroup;
			children = (
				D47C8FFB1B9B518C00212774 /* SWRevealViewController */,
				D40F9C601B7DBAE700BE5C82 /* Starscream.xcodeproj */,
				D49A2B061B71991300127617 /* Syncopate */,
				D49A2B1C1B71991300127617 /* SyncopateTests */,
				D49A2B051B71991300127617 /* Products */,
			);
			sourceTree = "<group>";
		};
		D49A2B051B71991300127617 /* Products */ = {
			isa = PBXGroup;
			children = (
				D49A2B041B71991300127617 /* Syncopate.app */,
				D49A2B191B71991300127617 /* SyncopateTests.xctest */,
			);
			name = Products;
			sourceTree = "<group>";
		};
		D49A2B061B71991300127617 /* Syncopate */ = {
			isa = PBXGroup;
			children = (
				D49A2B091B71991300127617 /* AppDelegate.swift */,
				D49A2B0B1B71991300127617 /* ViewController.swift */,
				D47C8FE11B9A253800212774 /* WebSocketClient.swift */,
				D47C90131BA620EF00212774 /* HttpClient.swift */,
				D47C8FE41B9A2AFA00212774 /* ClusterState.swift */,
				D47C8FE71B9A2DE600212774 /* AppManager.swift */,
				D47C900B1BA3A0A000212774 /* LoginViewController.swift */,
				D47C90061B9CA9A300212774 /* PersistencyManager.swift */,
				D49A2B0D1B71991300127617 /* Main.storyboard */,
				D47C90161BAB2B3D00212774 /* HeaderTableViewCell.swift */,
				D47C90091B9CC6F500212774 /* TopicViewController.swift */,
				D47C8FEE1B9A3DB000212774 /* ClusterTableViewController.swift */,
				D47C90041B9B8F6300212774 /* ClusterTableViewCell.swift */,
				D47C8FD61B99115700212774 /* ChannelTableViewController.swift */,
				D47C8FDB1B992AEF00212774 /* Syncopate.swift */,
				D47C8FD81B99139F00212774 /* ChannelState.swift */,
				D47C8FD01B9903C400212774 /* ChannelTableViewCell.swift */,
				D49A2B101B71991300127617 /* Images.xcassets */,
				D49A2B121B71991300127617 /* LaunchScreen.xib */,
				D49A2B071B71991300127617 /* Supporting Files */,
			);
			path = Syncopate;
			sourceTree = "<group>";
		};
		D49A2B071B71991300127617 /* Supporting Files */ = {
			isa = PBXGroup;
			children = (
				D49A2B081B71991300127617 /* Info.plist */,
			);
			name = "Supporting Files";
			sourceTree = "<group>";
		};
		D49A2B1C1B71991300127617 /* SyncopateTests */ = {
			isa = PBXGroup;
			children = (
				D49A2B1F1B71991300127617 /* SyncopateTests.swift */,
				D49A2B1D1B71991300127617 /* Supporting Files */,
			);
			path = SyncopateTests;
			sourceTree = "<group>";
		};
		D49A2B1D1B71991300127617 /* Supporting Files */ = {
			isa = PBXGroup;
			children = (
				D49A2B1E1B71991300127617 /* Info.plist */,
			);
			name = "Supporting Files";
			sourceTree = "<group>";
		};
/* End PBXGroup section */

/* Begin PBXNativeTarget section */
		D49A2B031B71991300127617 /* Syncopate */ = {
			isa = PBXNativeTarget;
			buildConfigurationList = D49A2B231B71991300127617 /* Build configuration list for PBXNativeTarget "Syncopate" */;
			buildPhases = (
				D49A2B001B71991300127617 /* Sources */,
				D49A2B021B71991300127617 /* Resources */,
				D49A2B321B7DB86700127617 /* Frameworks */,
			);
			buildRules = (
			);
			dependencies = (
			);
			name = Syncopate;
			productName = Syncopate;
			productReference = D49A2B041B71991300127617 /* Syncopate.app */;
			productType = "com.apple.product-type.application";
		};
		D49A2B181B71991300127617 /* SyncopateTests */ = {
			isa = PBXNativeTarget;
			buildConfigurationList = D49A2B261B71991300127617 /* Build configuration list for PBXNativeTarget "SyncopateTests" */;
			buildPhases = (
				D49A2B151B71991300127617 /* Sources */,
				D49A2B161B71991300127617 /* Frameworks */,
				D49A2B171B71991300127617 /* Resources */,
			);
			buildRules = (
			);
			dependencies = (
				D49A2B1B1B71991300127617 /* PBXTargetDependency */,
			);
			name = SyncopateTests;
			productName = SyncopateTests;
			productReference = D49A2B191B71991300127617 /* SyncopateTests.xctest */;
			productType = "com.apple.product-type.bundle.unit-test";
		};
/* End PBXNativeTarget section */

/* Begin PBXProject section */
		D49A2AFC1B71991300127617 /* Project object */ = {
			isa = PBXProject;
			attributes = {
				LastUpgradeCheck = 0640;
				ORGANIZATIONNAME = "Gary Chang";
				TargetAttributes = {
					D49A2B031B71991300127617 = {
						CreatedOnToolsVersion = 6.4;
					};
					D49A2B181B71991300127617 = {
						CreatedOnToolsVersion = 6.4;
						TestTargetID = D49A2B031B71991300127617;
					};
				};
			};
			buildConfigurationList = D49A2AFF1B71991300127617 /* Build configuration list for PBXProject "Syncopate" */;
			compatibilityVersion = "Xcode 3.2";
			developmentRegion = English;
			hasScannedForEncodings = 0;
			knownRegions = (
				en,
				Base,
			);
			mainGroup = D49A2AFB1B71991300127617;
			productRefGroup = D49A2B051B71991300127617 /* Products */;
			projectDirPath = "";
			projectReferences = (
				{
					ProductGroup = D40F9C611B7DBAE700BE5C82 /* Products */;
					ProjectRef = D40F9C601B7DBAE700BE5C82 /* Starscream.xcodeproj */;
				},
			);
			projectRoot = "";
			targets = (
				D49A2B031B71991300127617 /* Syncopate */,
				D49A2B181B71991300127617 /* SyncopateTests */,
			);
		};
/* End PBXProject section */

/* Begin PBXReferenceProxy section */
		D40F9C681B7DBAE700BE5C82 /* Starscream.framework */ = {
			isa = PBXReferenceProxy;
			fileType = wrapper.framework;
			path = Starscream.framework;
			remoteRef = D40F9C671B7DBAE700BE5C82 /* PBXContainerItemProxy */;
			sourceTree = BUILT_PRODUCTS_DIR;
		};
		D40F9C6A1B7DBAE700BE5C82 /* StarscreamTests.xctest */ = {
			isa = PBXReferenceProxy;
			fileType = wrapper.cfbundle;
			path = StarscreamTests.xctest;
			remoteRef = D40F9C691B7DBAE700BE5C82 /* PBXContainerItemProxy */;
			sourceTree = BUILT_PRODUCTS_DIR;
		};
		D40F9C6C1B7DBAE700BE5C82 /* Starscream.framework */ = {
			isa = PBXReferenceProxy;
			fileType = wrapper.framework;
			path = Starscream.framework;
			remoteRef = D40F9C6B1B7DBAE700BE5C82 /* PBXContainerItemProxy */;
			sourceTree = BUILT_PRODUCTS_DIR;
		};
		D40F9C6E1B7DBAE700BE5C82 /* StarscreamOSXTests.xctest */ = {
			isa = PBXReferenceProxy;
			fileType = wrapper.cfbundle;
			path = StarscreamOSXTests.xctest;
			remoteRef = D40F9C6D1B7DBAE700BE5C82 /* PBXContainerItemProxy */;
			sourceTree = BUILT_PRODUCTS_DIR;
		};
/* End PBXReferenceProxy section */

/* Begin PBXResourcesBuildPhase section */
		D49A2B021B71991300127617 /* Resources */ = {
			isa = PBXResourcesBuildPhase;
			buildActionMask = 2147483647;
			files = (
				D49A2B0F1B71991300127617 /* Main.storyboard in Resources */,
				D49A2B141B71991300127617 /* LaunchScreen.xib in Resources */,
				D49A2B111B71991300127617 /* Images.xcassets in Resources */,
			);
			runOnlyForDeploymentPostprocessing = 0;
		};
		D49A2B171B71991300127617 /* Resources */ = {
			isa = PBXResourcesBuildPhase;
			buildActionMask = 2147483647;
			files = (
			);
			runOnlyForDeploymentPostprocessing = 0;
		};
/* End PBXResourcesBuildPhase section */

/* Begin PBXSourcesBuildPhase section */
		D49A2B001B71991300127617 /* Sources */ = {
			isa = PBXSourcesBuildPhase;
			buildActionMask = 2147483647;
			files = (
				D47C8FE51B9A2AFA00212774 /* ClusterState.swift in Sources */,
				D47C8FD71B99115700212774 /* ChannelTableViewController.swift in Sources */,
				D47C8FDC1B992AEF00212774 /* Syncopate.swift in Sources */,
				D47C900C1BA3A0A000212774 /* LoginViewController.swift in Sources */,
				D47C8FE81B9A2DE600212774 /* AppManager.swift in Sources */,
				D47C8FEF1B9A3DB000212774 /* ClusterTableViewController.swift in Sources */,
				D47C8FD91B99139F00212774 /* ChannelState.swift in Sources */,
				D47C900A1B9CC6F500212774 /* TopicViewController.swift in Sources */,
				D47C90051B9B8F6300212774 /* ClusterTableViewCell.swift in Sources */,
				D49A2B0C1B71991300127617 /* ViewController.swift in Sources */,
				D47C90141BA620EF00212774 /* HttpClient.swift in Sources */,
				D47C8FD11B9903C400212774 /* ChannelTableViewCell.swift in Sources */,
				D47C90031B9B51EF00212774 /* SWRevealViewController.m in Sources */,
				D47C8FE21B9A253800212774 /* WebSocketClient.swift in Sources */,
				D47C90171BAB2B3D00212774 /* HeaderTableViewCell.swift in Sources */,
				D49A2B0A1B71991300127617 /* AppDelegate.swift in Sources */,
				D47C90071B9CA9A300212774 /* PersistencyManager.swift in Sources */,
			);
			runOnlyForDeploymentPostprocessing = 0;
		};
		D49A2B151B71991300127617 /* Sources */ = {
			isa = PBXSourcesBuildPhase;
			buildActionMask = 2147483647;
			files = (
				D47C90151BA6271E00212774 /* HttpClient.swift in Sources */,
				D47C90081B9CAEA200212774 /* PersistencyManager.swift in Sources */,
				D49A2B201B71991300127617 /* SyncopateTests.swift in Sources */,
				D47C8FE61B9A2AFA00212774 /* ClusterState.swift in Sources */,
				D47C8FDD1B992AEF00212774 /* Syncopate.swift in Sources */,
				D47C8FE91B9A2DE600212774 /* AppManager.swift in Sources */,
				D47C8FDA1B99139F00212774 /* ChannelState.swift in Sources */,
				D47C8FE31B9A253800212774 /* WebSocketClient.swift in Sources */,
			);
			runOnlyForDeploymentPostprocessing = 0;
		};
/* End PBXSourcesBuildPhase section */

/* Begin PBXTargetDependency section */
		D49A2B1B1B71991300127617 /* PBXTargetDependency */ = {
			isa = PBXTargetDependency;
			target = D49A2B031B71991300127617 /* Syncopate */;
			targetProxy = D49A2B1A1B71991300127617 /* PBXContainerItemProxy */;
		};
/* End PBXTargetDependency section */

/* Begin PBXVariantGroup section */
		D49A2B0D1B71991300127617 /* Main.storyboard */ = {
			isa = PBXVariantGroup;
			children = (
				D49A2B0E1B71991300127617 /* Base */,
			);
			name = Main.storyboard;
			sourceTree = "<group>";
		};
		D49A2B121B71991300127617 /* LaunchScreen.xib */ = {
			isa = PBXVariantGroup;
			children = (
				D49A2B131B71991300127617 /* Base */,
			);
			name = LaunchScreen.xib;
			sourceTree = "<group>";
		};
/* End PBXVariantGroup section */

/* Begin XCBuildConfiguration section */
		D49A2B211B71991300127617 /* Debug */ = {
			isa = XCBuildConfiguration;
			buildSettings = {
				ALWAYS_SEARCH_USER_PATHS = NO;
				CLANG_CXX_LANGUAGE_STANDARD = "gnu++0x";
				CLANG_CXX_LIBRARY = "libc++";
				CLANG_ENABLE_MODULES = YES;
				CLANG_ENABLE_OBJC_ARC = YES;
				CLANG_WARN_BOOL_CONVERSION = YES;
				CLANG_WARN_CONSTANT_CONVERSION = YES;
				CLANG_WARN_DIRECT_OBJC_ISA_USAGE = YES_ERROR;
				CLANG_WARN_EMPTY_BODY = YES;
				CLANG_WARN_ENUM_CONVERSION = YES;
				CLANG_WARN_INT_CONVERSION = YES;
				CLANG_WARN_OBJC_ROOT_CLASS = YES_ERROR;
				CLANG_WARN_UNREACHABLE_CODE = YES;
				CLANG_WARN__DUPLICATE_METHOD_MATCH = YES;
				"CODE_SIGN_IDENTITY[sdk=iphoneos*]" = "iPhone Developer";
				COPY_PHASE_STRIP = NO;
				DEBUG_INFORMATION_FORMAT = "dwarf-with-dsym";
				ENABLE_STRICT_OBJC_MSGSEND = YES;
				GCC_C_LANGUAGE_STANDARD = gnu99;
				GCC_DYNAMIC_NO_PIC = NO;
				GCC_NO_COMMON_BLOCKS = YES;
				GCC_OPTIMIZATION_LEVEL = 0;
				GCC_PREPROCESSOR_DEFINITIONS = (
					"DEBUG=1",
					"$(inherited)",
				);
				GCC_SYMBOLS_PRIVATE_EXTERN = NO;
				GCC_WARN_64_TO_32_BIT_CONVERSION = YES;
				GCC_WARN_ABOUT_RETURN_TYPE = YES_ERROR;
				GCC_WARN_UNDECLARED_SELECTOR = YES;
				GCC_WARN_UNINITIALIZED_AUTOS = YES_AGGRESSIVE;
				GCC_WARN_UNUSED_FUNCTION = YES;
				GCC_WARN_UNUSED_VARIABLE = YES;
				IPHONEOS_DEPLOYMENT_TARGET = 8.4;
				MTL_ENABLE_DEBUG_INFO = YES;
				ONLY_ACTIVE_ARCH = YES;
				SDKROOT = iphoneos;
				SWIFT_OPTIMIZATION_LEVEL = "-Onone";
				TARGETED_DEVICE_FAMILY = "1,2";
			};
			name = Debug;
		};
		D49A2B221B71991300127617 /* Release */ = {
			isa = XCBuildConfiguration;
			buildSettings = {
				ALWAYS_SEARCH_USER_PATHS = NO;
				CLANG_CXX_LANGUAGE_STANDARD = "gnu++0x";
				CLANG_CXX_LIBRARY = "libc++";
				CLANG_ENABLE_MODULES = YES;
				CLANG_ENABLE_OBJC_ARC = YES;
				CLANG_WARN_BOOL_CONVERSION = YES;
				CLANG_WARN_CONSTANT_CONVERSION = YES;
				CLANG_WARN_DIRECT_OBJC_ISA_USAGE = YES_ERROR;
				CLANG_WARN_EMPTY_BODY = YES;
				CLANG_WARN_ENUM_CONVERSION = YES;
				CLANG_WARN_INT_CONVERSION = YES;
				CLANG_WARN_OBJC_ROOT_CLASS = YES_ERROR;
				CLANG_WARN_UNREACHABLE_CODE = YES;
				CLANG_WARN__DUPLICATE_METHOD_MATCH = YES;
				"CODE_SIGN_IDENTITY[sdk=iphoneos*]" = "iPhone Developer";
				COPY_PHASE_STRIP = NO;
				DEBUG_INFORMATION_FORMAT = "dwarf-with-dsym";
				ENABLE_NS_ASSERTIONS = NO;
				ENABLE_STRICT_OBJC_MSGSEND = YES;
				GCC_C_LANGUAGE_STANDARD = gnu99;
				GCC_NO_COMMON_BLOCKS = YES;
				GCC_WARN_64_TO_32_BIT_CONVERSION = YES;
				GCC_WARN_ABOUT_RETURN_TYPE = YES_ERROR;
				GCC_WARN_UNDECLARED_SELECTOR = YES;
				GCC_WARN_UNINITIALIZED_AUTOS = YES_AGGRESSIVE;
				GCC_WARN_UNUSED_FUNCTION = YES;
				GCC_WARN_UNUSED_VARIABLE = YES;
				IPHONEOS_DEPLOYMENT_TARGET = 8.4;
				MTL_ENABLE_DEBUG_INFO = NO;
				SDKROOT = iphoneos;
				TARGETED_DEVICE_FAMILY = "1,2";
				VALIDATE_PRODUCT = YES;
			};
			name = Release;
		};
		D49A2B241B71991300127617 /* Debug */ = {
			isa = XCBuildConfiguration;
			buildSettings = {
				ASSETCATALOG_COMPILER_APPICON_NAME = AppIcon;
				CLANG_ENABLE_MODULES = YES;
				INFOPLIST_FILE = Syncopate/Info.plist;
				LD_RUNPATH_SEARCH_PATHS = "$(inherited) @executable_path/Frameworks";
				PRODUCT_NAME = "$(TARGET_NAME)";
				SWIFT_OBJC_BRIDGING_HEADER = "Syncopate-Bridging-Header.h";
				SWIFT_OPTIMIZATION_LEVEL = "-Onone";
			};
			name = Debug;
		};
		D49A2B251B71991300127617 /* Release */ = {
			isa = XCBuildConfiguration;
			buildSettings = {
				ASSETCATALOG_COMPILER_APPICON_NAME = AppIcon;
				CLANG_ENABLE_MODULES = YES;
				INFOPLIST_FILE = Syncopate/Info.plist;
				LD_RUNPATH_SEARCH_PATHS = "$(inherited) @executable_path/Frameworks";
				PRODUCT_NAME = "$(TARGET_NAME)";
				SWIFT_OBJC_BRIDGING_HEADER = "Syncopate-Bridging-Header.h";
			};
			name = Release;
		};
		D49A2B271B71991300127617 /* Debug */ = {
			isa = XCBuildConfiguration;
			buildSettings = {
				BUNDLE_LOADER = "$(TEST_HOST)";
				FRAMEWORK_SEARCH_PATHS = (
					"$(SDKROOT)/Developer/Library/Frameworks",
					"$(inherited)",
				);
				GCC_PREPROCESSOR_DEFINITIONS = (
					"DEBUG=1",
					"$(inherited)",
				);
				INFOPLIST_FILE = SyncopateTests/Info.plist;
				LD_RUNPATH_SEARCH_PATHS = "$(inherited) @executable_path/Frameworks @loader_path/Frameworks";
				PRODUCT_NAME = "$(TARGET_NAME)";
				TEST_HOST = "$(BUILT_PRODUCTS_DIR)/Syncopate.app/Syncopate";
			};
			name = Debug;
		};
		D49A2B281B71991300127617 /* Release */ = {
			isa = XCBuildConfiguration;
			buildSettings = {
				BUNDLE_LOADER = "$(TEST_HOST)";
				FRAMEWORK_SEARCH_PATHS = (
					"$(SDKROOT)/Developer/Library/Frameworks",
					"$(inherited)",
				);
				INFOPLIST_FILE = SyncopateTests/Info.plist;
				LD_RUNPATH_SEARCH_PATHS = "$(inherited) @executable_path/Frameworks @loader_path/Frameworks";
				PRODUCT_NAME = "$(TARGET_NAME)";
				TEST_HOST = "$(BUILT_PRODUCTS_DIR)/Syncopate.app/Syncopate";
			};
			name = Release;
		};
/* End XCBuildConfiguration section */

/* Begin XCConfigurationList section */
		D49A2AFF1B71991300127617 /* Build configuration list for PBXProject "Syncopate" */ = {
			isa = XCConfigurationList;
			buildConfigurations = (
				D49A2B211B71991300127617 /* Debug */,
				D49A2B221B71991300127617 /* Release */,
			);
			defaultConfigurationIsVisible = 0;
			defaultConfigurationName = Release;
		};
		D49A2B231B71991300127617 /* Build configuration list for PBXNativeTarget "Syncopate" */ = {
			isa = XCConfigurationList;
			buildConfigurations = (
				D49A2B241B71991300127617 /* Debug */,
				D49A2B251B71991300127617 /* Release */,
			);
			defaultConfigurationIsVisible = 0;
			defaultConfigurationName = Release;
		};
		D49A2B261B71991300127617 /* Build configuration list for PBXNativeTarget "SyncopateTests" */ = {
			isa = XCConfigurationList;
			buildConfigurations = (
				D49A2B271B71991300127617 /* Debug */,
				D49A2B281B71991300127617 /* Release */,
			);
			defaultConfigurationIsVisible = 0;
			defaultConfigurationName = Release;
		};
/* End XCConfigurationList section */
	};
	rootObject = D49A2AFC1B71991300127617 /* Project object */;
}
